{
  "name": "esm-module",
  "version": "1.0.0",
  "lockfileVersion": 3,
  "requires": true,
  "packages": {
    "": {
      "name": "esm-module",
      "version": "1.0.0",
      "dependencies": {
        "bignumber.js": "^9.2.1"
      }
    },
    "node_modules/bignumber.js": {
      "version": "9.2.1",
      "resolved": "https://registry.npmjs.org/bignumber.js/-/bignumber.js-9.2.1.tgz",
      "integrity": "sha512-+NzaKgOUvInq9TIUZ1+DRspzf/HApkCwD4btfuasFTdrfnOxqx853TgDpMolp+uv4RpRp7bPcEU2zKr9+fRmyw==",
      "engines": {
        "node": "*"
      }
    }
  }
}
