{
  "name": "test-esm-project",
  "lockfileVersion": 3,
  "requires": true,
  "packages": {
    "": {
      "name": "test-esm-project",
      "dependencies": {
        "bad-esm-module": "file:./node-modules/bad-esm-module"
      }
    },
    "node_modules/bad-esm-module": {
      "resolved": "node-modules/bad-esm-module",
      "link": true
    },
    "node-modules/bad-esm-module": {
      "version": "1.0.0"
    }
  }
}
